
Microsoft Visual Studio Solution File, Format Version 12.00
# Visual Studio Version 16
VisualStudioVersion = 16.0.31105.61
MinimumVisualStudioVersion = 10.0.40219.1
Project("{9A19103F-16F7-4668-BE54-9A1E7A4F7556}") = "Lib", "Lib\Lib.csproj", "{D0ABCFDA-A5ED-40DD-8DB9-2B418512F64F}"
EndProject
Project("{FAE04EC0-301F-11D3-BF4B-00C04F79EFBC}") = "Nyeoglike.Unique", "Nyeoglike.Unique\Nyeoglike.Unique.csproj", "{C08792BF-3C5A-4943-8C5B-5CDED667DD1C}"
EndProject
Global
	GlobalSection(SolutionConfigurationPlatforms) = preSolution
		Debug|Any CPU = Debug|Any CPU
		Release|Any CPU = Release|Any CPU
	EndGlobalSection
	GlobalSection(ProjectConfigurationPlatforms) = postSolution
		{D0ABCFDA-A5ED-40DD-8DB9-2B418512F64F}.Debug|Any CPU.ActiveCfg = Debug|Any CPU
		{D0ABCFDA-A5ED-40DD-8DB9-2B418512F64F}.Debug|Any CPU.Build.0 = Debug|Any CPU
		{D0ABCFDA-A5ED-40DD-8DB9-2B418512F64F}.Release|Any CPU.ActiveCfg = Release|Any CPU
		{D0ABCFDA-A5ED-40DD-8DB9-2B418512F64F}.Release|Any CPU.Build.0 = Release|Any CPU
		{C08792BF-3C5A-4943-8C5B-5CDED667DD1C}.Debug|Any CPU.ActiveCfg = Debug|Any CPU
		{C08792BF-3C5A-4943-8C5B-5CDED667DD1C}.Debug|Any CPU.Build.0 = Debug|Any CPU
		{C08792BF-3C5A-4943-8C5B-5CDED667DD1C}.Release|Any CPU.ActiveCfg = Release|Any CPU
		{C08792BF-3C5A-4943-8C5B-5CDED667DD1C}.Release|Any CPU.Build.0 = Release|Any CPU
	EndGlobalSection
	GlobalSection(SolutionProperties) = preSolution
		HideSolutionNode = FALSE
	EndGlobalSection
	GlobalSection(ExtensibilityGlobals) = postSolution
		SolutionGuid = {E8340B23-EC60-4D25-968E-63CF0E748F94}
	EndGlobalSection
EndGlobal
